speakeasyVersion: 1.539.2
sources:
    Attio API:
        sourceNamespace: attio-api
        sourceRevisionDigest: sha256:f2fe222db239536de1a13ab83c468c631af3b2bbdbce9ffa0ed0b519a9a34053
        sourceBlobDigest: sha256:d6237f244f2785345dbed4b35b181576fce2071b6322047d0ef0ac5102ff6873
        tags:
            - latest
            - 2.0.0
targets:
    attio:
        source: Attio API
        sourceNamespace: attio-api
        sourceRevisionDigest: sha256:f2fe222db239536de1a13ab83c468c631af3b2bbdbce9ffa0ed0b519a9a34053
        sourceBlobDigest: sha256:d6237f244f2785345dbed4b35b181576fce2071b6322047d0ef0ac5102ff6873
        codeSamplesNamespace: attio-api-typescript-code-samples
        codeSamplesRevisionDigest: sha256:220f0239f9e6b91ecef2df58f70577ba1f9eff79ea7a439a3d6699b5dec371aa
workflow:
    workflowVersion: 1.0.0
    speakeasyVersion: latest
    sources:
        Attio API:
            inputs:
                - location: openapi.json
            overlays:
                - location: .speakeasy\speakeasy-modifications-overlay.yaml
            registry:
                location: registry.speakeasyapi.dev/d-stoll/attio-js/attio-api
    targets:
        attio:
            target: typescript
            source: Attio API
            publish:
                npm:
                    token: $npm_token
            codeSamples:
                registry:
                    location: registry.speakeasyapi.dev/d-stoll/attio-js/attio-api-typescript-code-samples
                labelOverride:
                    fixedValue: Typescript (SDK)
                blocking: false
