speakeasyVersion: 1.538.0
sources:
    Attio API:
        sourceNamespace: attio-api
        sourceRevisionDigest: sha256:4b40abc0afd71e2ba74191e25dee227911480be24b059a35eedd246a476ac8ea
        sourceBlobDigest: sha256:7e922269b09a174d4b23704c2da732f5a8c8e8d30d782cb50bafeb206e018378
        tags:
            - latest
            - 2.0.0
targets:
    attio:
        source: Attio API
        sourceNamespace: attio-api
        sourceRevisionDigest: sha256:4b40abc0afd71e2ba74191e25dee227911480be24b059a35eedd246a476ac8ea
        sourceBlobDigest: sha256:7e922269b09a174d4b23704c2da732f5a8c8e8d30d782cb50bafeb206e018378
        codeSamplesNamespace: attio-api-typescript-code-samples
        codeSamplesRevisionDigest: sha256:bdde621b46b2f0af38a8c3a75b4aec86b44670c02a235518e08594c49012ec53
workflow:
    workflowVersion: 1.0.0
    speakeasyVersion: latest
    sources:
        Attio API:
            inputs:
                - location: openapi.json
            overlays:
                - location: .speakeasy\speakeasy-modifications-overlay.yaml
            registry:
                location: registry.speakeasyapi.dev/d-stoll/attio-js/attio-api
    targets:
        attio:
            target: typescript
            source: Attio API
            publish:
                npm:
                    token: $npm_token
            codeSamples:
                registry:
                    location: registry.speakeasyapi.dev/d-stoll/attio-js/attio-api-typescript-code-samples
                labelOverride:
                    fixedValue: Typescript (SDK)
                blocking: false
