speakeasyVersion: 1.534.0
sources:
    Attio API:
        sourceNamespace: attio-api
        sourceRevisionDigest: sha256:90ebd84636f1589efdd4bbc4214bb125f8d34c300bf563c19f530e411ae7a90b
        sourceBlobDigest: sha256:c0c0ba0b761fd3d5d8289ae1001103f96970005a9ca14bd3be9e462d6c5156e1
        tags:
            - latest
            - speakeasy-sdk-regen-1744452365
            - 2.0.0
targets:
    attio:
        source: Attio API
        sourceNamespace: attio-api
        sourceRevisionDigest: sha256:90ebd84636f1589efdd4bbc4214bb125f8d34c300bf563c19f530e411ae7a90b
        sourceBlobDigest: sha256:c0c0ba0b761fd3d5d8289ae1001103f96970005a9ca14bd3be9e462d6c5156e1
        codeSamplesNamespace: attio-api-typescript-code-samples
        codeSamplesRevisionDigest: sha256:0104f0e892a9c8dcb2a7a6bbe9f988f2efa6eae696a5e7179d568983470d0787
workflow:
    workflowVersion: 1.0.0
    speakeasyVersion: latest
    sources:
        Attio API:
            inputs:
                - location: https://developers.attio.com/openapi/655e2ce3ace07f065aa1dd14
            overlays:
                - location: .speakeasy\speakeasy-modifications-overlay.yaml
            registry:
                location: registry.speakeasyapi.dev/d-stoll/attio-js/attio-api
    targets:
        attio:
            target: typescript
            source: Attio API
            publish:
                npm:
                    token: $npm_token
            codeSamples:
                registry:
                    location: registry.speakeasyapi.dev/d-stoll/attio-js/attio-api-typescript-code-samples
                labelOverride:
                    fixedValue: Typescript (SDK)
                blocking: false
